
Microsoft Visual Studio Solution File, Format Version 12.00
# Visual Studio Version 17
VisualStudioVersion = 17.8.34309.116
MinimumVisualStudioVersion = 10.0.40219.1
Project("{2150E333-8FDC-42A3-9474-1A3956D46DE8}") = "Core", "Core", "{560CF366-5237-49B5-86B7-DABDBC109721}"
EndProject
Project("{9A19103F-16F7-4668-BE54-9A1E7A4F7556}") = "ECommerceAPI.Domain", "Core\ECommerceAPI.Domain\ECommerceAPI.Domain.csproj", "{F721B36A-6FF9-4E0A-B522-C1EF45EF8E0F}"
EndProject
Project("{9A19103F-16F7-4668-BE54-9A1E7A4F7556}") = "ECommerceAPI.Application", "Core\ECommerceAPI.Application\ECommerceAPI.Application.csproj", "{48883747-EF3F-4F2D-A083-1F35C4272E10}"
EndProject
Project("{9A19103F-16F7-4668-BE54-9A1E7A4F7556}") = "ECommerceAPI.Infrastructure", "Infrastructure\ECommerceAPI.Infrastructure\ECommerceAPI.Infrastructure.csproj", "{02072DFC-DCA6-4F60-ADEE-6AC0C039C2C9}"
EndProject
Project("{9A19103F-16F7-4668-BE54-9A1E7A4F7556}") = "ECommerceAPI.Persistence", "Infrastructure\ECommerceAPI.Persistance\ECommerceAPI.Persistence.csproj", "{E47CAA77-9BA9-426E-9F40-334867392004}"
EndProject
Project("{2150E333-8FDC-42A3-9474-1A3956D46DE8}") = "Presentation", "Presentation", "{F70916CA-9E6F-4352-8EE0-32A27F0CBE9F}"
EndProject
Project("{9A19103F-16F7-4668-BE54-9A1E7A4F7556}") = "ECommerceAPI.API", "Presentation\ECommerceAPI.API\ECommerceAPI.API.csproj", "{6C98BB68-797B-4741-987F-5B81295A2CEB}"
EndProject
Project("{2150E333-8FDC-42A3-9474-1A3956D46DE8}") = "Infrastructure", "Infrastructure", "{B34CE580-3C0E-4301-9622-9B673B8DC2FD}"
EndProject
Project("{FAE04EC0-301F-11D3-BF4B-00C04F79EFBC}") = "ECommerceAPI.SignalR", "Infrastructure\ECommerceAPI.SignalR\ECommerceAPI.SignalR.csproj", "{F8E2EBDC-17B4-47A8-B342-0760C78C01ED}"
EndProject
Global
	GlobalSection(SolutionConfigurationPlatforms) = preSolution
		Debug|Any CPU = Debug|Any CPU
		Release|Any CPU = Release|Any CPU
	EndGlobalSection
	GlobalSection(ProjectConfigurationPlatforms) = postSolution
		{F721B36A-6FF9-4E0A-B522-C1EF45EF8E0F}.Debug|Any CPU.ActiveCfg = Debug|Any CPU
		{F721B36A-6FF9-4E0A-B522-C1EF45EF8E0F}.Debug|Any CPU.Build.0 = Debug|Any CPU
		{F721B36A-6FF9-4E0A-B522-C1EF45EF8E0F}.Release|Any CPU.ActiveCfg = Release|Any CPU
		{F721B36A-6FF9-4E0A-B522-C1EF45EF8E0F}.Release|Any CPU.Build.0 = Release|Any CPU
		{48883747-EF3F-4F2D-A083-1F35C4272E10}.Debug|Any CPU.ActiveCfg = Debug|Any CPU
		{48883747-EF3F-4F2D-A083-1F35C4272E10}.Debug|Any CPU.Build.0 = Debug|Any CPU
		{48883747-EF3F-4F2D-A083-1F35C4272E10}.Release|Any CPU.ActiveCfg = Release|Any CPU
		{48883747-EF3F-4F2D-A083-1F35C4272E10}.Release|Any CPU.Build.0 = Release|Any CPU
		{02072DFC-DCA6-4F60-ADEE-6AC0C039C2C9}.Debug|Any CPU.ActiveCfg = Debug|Any CPU
		{02072DFC-DCA6-4F60-ADEE-6AC0C039C2C9}.Debug|Any CPU.Build.0 = Debug|Any CPU
		{02072DFC-DCA6-4F60-ADEE-6AC0C039C2C9}.Release|Any CPU.ActiveCfg = Release|Any CPU
		{02072DFC-DCA6-4F60-ADEE-6AC0C039C2C9}.Release|Any CPU.Build.0 = Release|Any CPU
		{E47CAA77-9BA9-426E-9F40-334867392004}.Debug|Any CPU.ActiveCfg = Debug|Any CPU
		{E47CAA77-9BA9-426E-9F40-334867392004}.Debug|Any CPU.Build.0 = Debug|Any CPU
		{E47CAA77-9BA9-426E-9F40-334867392004}.Release|Any CPU.ActiveCfg = Release|Any CPU
		{E47CAA77-9BA9-426E-9F40-334867392004}.Release|Any CPU.Build.0 = Release|Any CPU
		{6C98BB68-797B-4741-987F-5B81295A2CEB}.Debug|Any CPU.ActiveCfg = Debug|Any CPU
		{6C98BB68-797B-4741-987F-5B81295A2CEB}.Debug|Any CPU.Build.0 = Debug|Any CPU
		{6C98BB68-797B-4741-987F-5B81295A2CEB}.Release|Any CPU.ActiveCfg = Release|Any CPU
		{6C98BB68-797B-4741-987F-5B81295A2CEB}.Release|Any CPU.Build.0 = Release|Any CPU
		{F8E2EBDC-17B4-47A8-B342-0760C78C01ED}.Debug|Any CPU.ActiveCfg = Debug|Any CPU
		{F8E2EBDC-17B4-47A8-B342-0760C78C01ED}.Debug|Any CPU.Build.0 = Debug|Any CPU
		{F8E2EBDC-17B4-47A8-B342-0760C78C01ED}.Release|Any CPU.ActiveCfg = Release|Any CPU
		{F8E2EBDC-17B4-47A8-B342-0760C78C01ED}.Release|Any CPU.Build.0 = Release|Any CPU
	EndGlobalSection
	GlobalSection(SolutionProperties) = preSolution
		HideSolutionNode = FALSE
	EndGlobalSection
	GlobalSection(NestedProjects) = preSolution
		{F721B36A-6FF9-4E0A-B522-C1EF45EF8E0F} = {560CF366-5237-49B5-86B7-DABDBC109721}
		{48883747-EF3F-4F2D-A083-1F35C4272E10} = {560CF366-5237-49B5-86B7-DABDBC109721}
		{02072DFC-DCA6-4F60-ADEE-6AC0C039C2C9} = {B34CE580-3C0E-4301-9622-9B673B8DC2FD}
		{E47CAA77-9BA9-426E-9F40-334867392004} = {B34CE580-3C0E-4301-9622-9B673B8DC2FD}
		{6C98BB68-797B-4741-987F-5B81295A2CEB} = {F70916CA-9E6F-4352-8EE0-32A27F0CBE9F}
		{F8E2EBDC-17B4-47A8-B342-0760C78C01ED} = {B34CE580-3C0E-4301-9622-9B673B8DC2FD}
	EndGlobalSection
	GlobalSection(ExtensibilityGlobals) = postSolution
		SolutionGuid = {BCD09BE9-A068-47EF-9075-BB817408F6CB}
	EndGlobalSection
EndGlobal
